<?xml version="1.0" encoding="utf-8"?>
<Project ToolsVersion="4.0" xmlns="http://schemas.microsoft.com/developer/msbuild/2003">
  <ItemGroup>
    <Filter Include="src">
      <UniqueIdentifier>{08ff027d-ac70-45fa-ad7f-4f85d8b0b5e1}</UniqueIdentifier>
    </Filter>
    <Filter Include="src\hd">
      <UniqueIdentifier>{9471cbc8-cf24-4c8d-b48f-a219fd52fa56}</UniqueIdentifier>
    </Filter>
    <Filter Include="src\hd\IO">
      <UniqueIdentifier>{f0136a21-2266-48d3-bec8-690de62b2a39}</UniqueIdentifier>
    </Filter>
    <Filter Include="src\hd\Math">
      <UniqueIdentifier>{2431b325-e67d-49f8-a26b-af4cc6e93f06}</UniqueIdentifier>
    </Filter>
    <Filter Include="src\hd\Graphics">
      <UniqueIdentifier>{82d00d97-aebb-4b14-85ab-9c8168fe2bcd}</UniqueIdentifier>
    </Filter>
    <Filter Include="src\hd\System">
      <UniqueIdentifier>{d30710eb-813e-46c3-909a-6b6f8437b96b}</UniqueIdentifier>
    </Filter>
    <Filter Include="src\hd\Sound">
      <UniqueIdentifier>{88628555-73be-4d14-98cc-cf3d6df510e3}</UniqueIdentifier>
    </Filter>
    <Filter Include="src\hd\Core">
      <UniqueIdentifier>{6a44db94-05a4-477b-8093-bca5a343baaa}</UniqueIdentifier>
    </Filter>
  </ItemGroup>
  <ItemGroup>
    <ClCompile Include="src\hd\IO\hdFileStream.cpp">
      <Filter>src\hd\IO</Filter>
    </ClCompile>
    <ClCompile Include="src\hd\IO\hdFileSystem.cpp">
      <Filter>src\hd\IO</Filter>
    </ClCompile>
    <ClCompile Include="src\hd\IO\hdImage.cpp">
      <Filter>src\hd\IO</Filter>
    </ClCompile>
    <ClCompile Include="src\hd\IO\hdStream.cpp">
      <Filter>src\hd\IO</Filter>
    </ClCompile>
    <ClCompile Include="src\hd\Math\hdMathUtils.cpp">
      <Filter>src\hd\Math</Filter>
    </ClCompile>
    <ClCompile Include="src\hd\System\hdBaseApp.cpp">
      <Filter>src\hd\System</Filter>
    </ClCompile>
    <ClCompile Include="src\hd\System\hdWindow.cpp">
      <Filter>src\hd\System</Filter>
    </ClCompile>
    <ClCompile Include="src\hd\Graphics\hdRenderContext.cpp">
      <Filter>src\hd\Graphics</Filter>
    </ClCompile>
    <ClCompile Include="src\hd\Math\hdFirstPersonCamera.cpp">
      <Filter>src\hd\Math</Filter>
    </ClCompile>
    <ClCompile Include="src\hd\Sound\hdSoundContext.cpp">
      <Filter>src\hd\Sound</Filter>
    </ClCompile>
    <ClCompile Include="src\hd\IO\hdFont.cpp">
      <Filter>src\hd\IO</Filter>
    </ClCompile>
    <ClCompile Include="src\hd\Core\hdColor.cpp">
      <Filter>src\hd\Core</Filter>
    </ClCompile>
    <ClCompile Include="src\hd\Core\hdFPSCounter.cpp">
      <Filter>src\hd\Core</Filter>
    </ClCompile>
    <ClCompile Include="src\hd\Core\hdLog.cpp">
      <Filter>src\hd\Core</Filter>
    </ClCompile>
    <ClCompile Include="src\hd\Core\hdStringUtils.cpp">
      <Filter>src\hd\Core</Filter>
    </ClCompile>
    <ClCompile Include="src\hd\Core\hdTime.cpp">
      <Filter>src\hd\Core</Filter>
    </ClCompile>
  </ItemGroup>
  <ItemGroup>
    <ClInclude Include="src\hd\IO\hdFileStream.hpp">
      <Filter>src\hd\IO</Filter>
    </ClInclude>
    <ClInclude Include="src\hd\IO\hdFileSystem.hpp">
      <Filter>src\hd\IO</Filter>
    </ClInclude>
    <ClInclude Include="src\hd\IO\hdImage.hpp">
      <Filter>src\hd\IO</Filter>
    </ClInclude>
    <ClInclude Include="src\hd\IO\hdStream.hpp">
      <Filter>src\hd\IO</Filter>
    </ClInclude>
    <ClInclude Include="src\hd\Math\hdMathUtils.hpp">
      <Filter>src\hd\Math</Filter>
    </ClInclude>
    <ClInclude Include="src\hd\System\hdBaseApp.hpp">
      <Filter>src\hd\System</Filter>
    </ClInclude>
    <ClInclude Include="src\hd\System\hdWindow.hpp">
      <Filter>src\hd\System</Filter>
    </ClInclude>
    <ClInclude Include="src\hd\System\hdWindowEvent.hpp">
      <Filter>src\hd\System</Filter>
    </ClInclude>
    <ClInclude Include="src\hd\Graphics\hdRenderContext.hpp">
      <Filter>src\hd\Graphics</Filter>
    </ClInclude>
    <ClInclude Include="src\hd\Math\hdFirstPersonCamera.hpp">
      <Filter>src\hd\Math</Filter>
    </ClInclude>
    <ClInclude Include="src\hd\Sound\hdSoundContext.hpp">
      <Filter>src\hd\Sound</Filter>
    </ClInclude>
    <ClInclude Include="src\hd\IO\hdFont.hpp">
      <Filter>src\hd\IO</Filter>
    </ClInclude>
    <ClInclude Include="src\hd\Core\hdBuildConfig.hpp">
      <Filter>src\hd\Core</Filter>
    </ClInclude>
    <ClInclude Include="src\hd\Core\hdColor.hpp">
      <Filter>src\hd\Core</Filter>
    </ClInclude>
    <ClInclude Include="src\hd\Core\hdDelegate.hpp">
      <Filter>src\hd\Core</Filter>
    </ClInclude>
    <ClInclude Include="src\hd\Core\hdFPSCounter.hpp">
      <Filter>src\hd\Core</Filter>
    </ClInclude>
    <ClInclude Include="src\hd\Core\hdHandle.hpp">
      <Filter>src\hd\Core</Filter>
    </ClInclude>
    <ClInclude Include="src\hd\Core\hdLog.hpp">
      <Filter>src\hd\Core</Filter>
    </ClInclude>
    <ClInclude Include="src\hd\Core\hdMacros.hpp">
      <Filter>src\hd\Core</Filter>
    </ClInclude>
    <ClInclude Include="src\hd\Core\hdStringUtils.hpp">
      <Filter>src\hd\Core</Filter>
    </ClInclude>
    <ClInclude Include="src\hd\Core\hdTime.hpp">
      <Filter>src\hd\Core</Filter>
    </ClInclude>
  </ItemGroup>
</Project>